// !$*UTF8*$!
{
	archiveVersion = 1;
	classes = {
	};
	objectVersion = 46;
	objects = {

/* Begin PBXBuildFile section */
		1927513814E9CCC9000ABAC4 /* UIKit.framework in Frameworks */ = {isa = PBXBuildFile; fileRef = 1927513714E9CCC9000ABAC4 /* UIKit.framework */; };
		1927513A14E9CCC9000ABAC4 /* Foundation.framework in Frameworks */ = {isa = PBXBuildFile; fileRef = 1927513914E9CCC9000ABAC4 /* Foundation.framework */; };
		1927513C14E9CCC9000ABAC4 /* CoreGraphics.framework in Frameworks */ = {isa = PBXBuildFile; fileRef = 1927513B14E9CCC9000ABAC4 /* CoreGraphics.framework */; };
		1927514214E9CCC9000ABAC4 /* InfoPlist.strings in Resources */ = {isa = PBXBuildFile; fileRef = 1927514014E9CCC9000ABAC4 /* InfoPlist.strings */; };
		1927514414E9CCC9000ABAC4 /* main.m in Sources */ = {isa = PBXBuildFile; fileRef = 1927514314E9CCC9000ABAC4 /* main.m */; };
		1927514814E9CCC9000ABAC4 /* INaturalistIOSAppDelegate.m in Sources */ = {isa = PBXBuildFile; fileRef = 1927514714E9CCC9000ABAC4 /* INaturalistIOSAppDelegate.m */; };
		1927514B14E9CCC9000ABAC4 /* MainStoryboard.storyboard in Resources */ = {isa = PBXBuildFile; fileRef = 1927514914E9CCC9000ABAC4 /* MainStoryboard.storyboard */; };
		1927514E14E9CCC9000ABAC4 /* ObservationsViewController.m in Sources */ = {isa = PBXBuildFile; fileRef = 1927514D14E9CCC9000ABAC4 /* ObservationsViewController.m */; };
		1959CDB314EA30280036F363 /* QuartzCore.framework in Frameworks */ = {isa = PBXBuildFile; fileRef = 1959CDB214EA30280036F363 /* QuartzCore.framework */; };
		198551F414EC938700DB55C5 /* CFNetwork.framework in Frameworks */ = {isa = PBXBuildFile; fileRef = 198551F314EC938700DB55C5 /* CFNetwork.framework */; };
		198551F614EC939100DB55C5 /* CoreData.framework in Frameworks */ = {isa = PBXBuildFile; fileRef = 198551F514EC939100DB55C5 /* CoreData.framework */; };
		198551F814EC939900DB55C5 /* Security.framework in Frameworks */ = {isa = PBXBuildFile; fileRef = 198551F714EC939900DB55C5 /* Security.framework */; };
		198551FA14EC93A200DB55C5 /* MobileCoreServices.framework in Frameworks */ = {isa = PBXBuildFile; fileRef = 198551F914EC93A200DB55C5 /* MobileCoreServices.framework */; };
		198551FC14EC93AB00DB55C5 /* SystemConfiguration.framework in Frameworks */ = {isa = PBXBuildFile; fileRef = 198551FB14EC93AB00DB55C5 /* SystemConfiguration.framework */; };
		198551FE14EC93B900DB55C5 /* libxml2.dylib in Frameworks */ = {isa = PBXBuildFile; fileRef = 198551FD14EC93B900DB55C5 /* libxml2.dylib */; };
		198551FF14EC93C600DB55C5 /* libRestKit.a in Frameworks */ = {isa = PBXBuildFile; fileRef = 198551E914EC931900DB55C5 /* libRestKit.a */; };
		1985521814EC97C200DB55C5 /* INaturalist.xcdatamodeld in Sources */ = {isa = PBXBuildFile; fileRef = 1985521614EC97C200DB55C5 /* INaturalist.xcdatamodeld */; };
		1985521E14ECA3CD00DB55C5 /* Observation.m in Sources */ = {isa = PBXBuildFile; fileRef = 1985521D14ECA3CD00DB55C5 /* Observation.m */; };
		198552E814EF208700DB55C5 /* LoginViewController.m in Sources */ = {isa = PBXBuildFile; fileRef = 198552E714EF208600DB55C5 /* LoginViewController.m */; };
		198552EC14EF5FB500DB55C5 /* DejalActivityView.m in Sources */ = {isa = PBXBuildFile; fileRef = 198552EB14EF5FB500DB55C5 /* DejalActivityView.m */; };
		19C3A92714EA35CB0008F441 /* ObservationDetailViewController.m in Sources */ = {isa = PBXBuildFile; fileRef = 19C3A92514EA35CB0008F441 /* ObservationDetailViewController.m */; };
		CAF65CB114F5C55C003D63BB /* MapViewController.m in Sources */ = {isa = PBXBuildFile; fileRef = CAF65CB014F5C55C003D63BB /* MapViewController.m */; };
		CAF65CB314F5CAC9003D63BB /* MapKit.framework in Frameworks */ = {isa = PBXBuildFile; fileRef = CAF65CB214F5CAC9003D63BB /* MapKit.framework */; };
		CAF65CB514F5CAD3003D63BB /* CoreLocation.framework in Frameworks */ = {isa = PBXBuildFile; fileRef = CAF65CB414F5CAD3003D63BB /* CoreLocation.framework */; };
/* End PBXBuildFile section */

/* Begin PBXContainerItemProxy section */
		198551E814EC931900DB55C5 /* PBXContainerItemProxy */ = {
			isa = PBXContainerItemProxy;
			containerPortal = 198551E114EC931900DB55C5 /* RestKit.xcodeproj */;
			proxyType = 2;
			remoteGlobalIDString = 25160D1614564E810060A5C5;
			remoteInfo = RestKit;
		};
		198551EA14EC931900DB55C5 /* PBXContainerItemProxy */ = {
			isa = PBXContainerItemProxy;
			containerPortal = 198551E114EC931900DB55C5 /* RestKit.xcodeproj */;
			proxyType = 2;
			remoteGlobalIDString = 25160D2614564E820060A5C5;
			remoteInfo = RestKitTests;
		};
		198551EC14EC931900DB55C5 /* PBXContainerItemProxy */ = {
			isa = PBXContainerItemProxy;
			containerPortal = 198551E114EC931900DB55C5 /* RestKit.xcodeproj */;
			proxyType = 2;
			remoteGlobalIDString = 25160E62145651060060A5C5;
			remoteInfo = RestKitFramework;
		};
		198551EE14EC931900DB55C5 /* PBXContainerItemProxy */ = {
			isa = PBXContainerItemProxy;
			containerPortal = 198551E114EC931900DB55C5 /* RestKit.xcodeproj */;
			proxyType = 2;
			remoteGlobalIDString = 25160E78145651060060A5C5;
			remoteInfo = RestKitFrameworkTests;
		};
		198551F114EC937900DB55C5 /* PBXContainerItemProxy */ = {
			isa = PBXContainerItemProxy;
			containerPortal = 198551E114EC931900DB55C5 /* RestKit.xcodeproj */;
			proxyType = 1;
			remoteGlobalIDString = 25160D1514564E810060A5C5;
			remoteInfo = RestKit;
		};
/* End PBXContainerItemProxy section */

/* Begin PBXFileReference section */
		1927513314E9CCC9000ABAC4 /* INaturalistIOS.app */ = {isa = PBXFileReference; explicitFileType = wrapper.application; includeInIndex = 0; path = INaturalistIOS.app; sourceTree = BUILT_PRODUCTS_DIR; };
		1927513714E9CCC9000ABAC4 /* UIKit.framework */ = {isa = PBXFileReference; lastKnownFileType = wrapper.framework; name = UIKit.framework; path = System/Library/Frameworks/UIKit.framework; sourceTree = SDKROOT; };
		1927513914E9CCC9000ABAC4 /* Foundation.framework */ = {isa = PBXFileReference; lastKnownFileType = wrapper.framework; name = Foundation.framework; path = System/Library/Frameworks/Foundation.framework; sourceTree = SDKROOT; };
		1927513B14E9CCC9000ABAC4 /* CoreGraphics.framework */ = {isa = PBXFileReference; lastKnownFileType = wrapper.framework; name = CoreGraphics.framework; path = System/Library/Frameworks/CoreGraphics.framework; sourceTree = SDKROOT; };
		1927513F14E9CCC9000ABAC4 /* INaturalistIOS-Info.plist */ = {isa = PBXFileReference; lastKnownFileType = text.plist.xml; path = "INaturalistIOS-Info.plist"; sourceTree = "<group>"; };
		1927514114E9CCC9000ABAC4 /* en */ = {isa = PBXFileReference; lastKnownFileType = text.plist.strings; name = en; path = en.lproj/InfoPlist.strings; sourceTree = "<group>"; };
		1927514314E9CCC9000ABAC4 /* main.m */ = {isa = PBXFileReference; lastKnownFileType = sourcecode.c.objc; path = main.m; sourceTree = "<group>"; };
		1927514514E9CCC9000ABAC4 /* INaturalistIOS-Prefix.pch */ = {isa = PBXFileReference; lastKnownFileType = sourcecode.c.h; lineEnding = 0; path = "INaturalistIOS-Prefix.pch"; sourceTree = "<group>"; xcLanguageSpecificationIdentifier = xcode.lang.objc; };
		1927514614E9CCC9000ABAC4 /* INaturalistIOSAppDelegate.h */ = {isa = PBXFileReference; lastKnownFileType = sourcecode.c.h; lineEnding = 0; path = INaturalistIOSAppDelegate.h; sourceTree = "<group>"; xcLanguageSpecificationIdentifier = xcode.lang.objcpp; };
		1927514714E9CCC9000ABAC4 /* INaturalistIOSAppDelegate.m */ = {isa = PBXFileReference; lastKnownFileType = sourcecode.c.objc; lineEnding = 0; path = INaturalistIOSAppDelegate.m; sourceTree = "<group>"; xcLanguageSpecificationIdentifier = xcode.lang.objc; };
		1927514A14E9CCC9000ABAC4 /* en */ = {isa = PBXFileReference; lastKnownFileType = file.storyboard; name = en; path = en.lproj/MainStoryboard.storyboard; sourceTree = "<group>"; };
		1927514C14E9CCC9000ABAC4 /* ObservationsViewController.h */ = {isa = PBXFileReference; lastKnownFileType = sourcecode.c.h; path = ObservationsViewController.h; sourceTree = "<group>"; };
		1927514D14E9CCC9000ABAC4 /* ObservationsViewController.m */ = {isa = PBXFileReference; lastKnownFileType = sourcecode.c.objc; path = ObservationsViewController.m; sourceTree = "<group>"; };
		1959CDB214EA30280036F363 /* QuartzCore.framework */ = {isa = PBXFileReference; lastKnownFileType = wrapper.framework; name = QuartzCore.framework; path = System/Library/Frameworks/QuartzCore.framework; sourceTree = SDKROOT; };
		198551E114EC931900DB55C5 /* RestKit.xcodeproj */ = {isa = PBXFileReference; lastKnownFileType = "wrapper.pb-project"; name = RestKit.xcodeproj; path = Vendor/SSToolkit/../RestKit/RestKit.xcodeproj; sourceTree = "<group>"; };
		198551F314EC938700DB55C5 /* CFNetwork.framework */ = {isa = PBXFileReference; lastKnownFileType = wrapper.framework; name = CFNetwork.framework; path = System/Library/Frameworks/CFNetwork.framework; sourceTree = SDKROOT; };
		198551F514EC939100DB55C5 /* CoreData.framework */ = {isa = PBXFileReference; lastKnownFileType = wrapper.framework; name = CoreData.framework; path = System/Library/Frameworks/CoreData.framework; sourceTree = SDKROOT; };
		198551F714EC939900DB55C5 /* Security.framework */ = {isa = PBXFileReference; lastKnownFileType = wrapper.framework; name = Security.framework; path = System/Library/Frameworks/Security.framework; sourceTree = SDKROOT; };
		198551F914EC93A200DB55C5 /* MobileCoreServices.framework */ = {isa = PBXFileReference; lastKnownFileType = wrapper.framework; name = MobileCoreServices.framework; path = System/Library/Frameworks/MobileCoreServices.framework; sourceTree = SDKROOT; };
		198551FB14EC93AB00DB55C5 /* SystemConfiguration.framework */ = {isa = PBXFileReference; lastKnownFileType = wrapper.framework; name = SystemConfiguration.framework; path = System/Library/Frameworks/SystemConfiguration.framework; sourceTree = SDKROOT; };
		198551FD14EC93B900DB55C5 /* libxml2.dylib */ = {isa = PBXFileReference; lastKnownFileType = "compiled.mach-o.dylib"; name = libxml2.dylib; path = usr/lib/libxml2.dylib; sourceTree = SDKROOT; };
		1985521714EC97C200DB55C5 /* INaturalist.xcdatamodel */ = {isa = PBXFileReference; lastKnownFileType = wrapper.xcdatamodel; path = INaturalist.xcdatamodel; sourceTree = "<group>"; };
		1985521C14ECA3CD00DB55C5 /* Observation.h */ = {isa = PBXFileReference; fileEncoding = 4; lastKnownFileType = sourcecode.c.h; path = Observation.h; sourceTree = "<group>"; };
		1985521D14ECA3CD00DB55C5 /* Observation.m */ = {isa = PBXFileReference; fileEncoding = 4; lastKnownFileType = sourcecode.c.objc; path = Observation.m; sourceTree = "<group>"; };
		198552E614EF208600DB55C5 /* LoginViewController.h */ = {isa = PBXFileReference; fileEncoding = 4; lastKnownFileType = sourcecode.c.h; lineEnding = 0; path = LoginViewController.h; sourceTree = "<group>"; xcLanguageSpecificationIdentifier = xcode.lang.objcpp; };
		198552E714EF208600DB55C5 /* LoginViewController.m */ = {isa = PBXFileReference; fileEncoding = 4; lastKnownFileType = sourcecode.c.objc; path = LoginViewController.m; sourceTree = "<group>"; };
		198552E914EF369E00DB55C5 /* constants.h */ = {isa = PBXFileReference; fileEncoding = 4; lastKnownFileType = sourcecode.c.h; lineEnding = 0; path = constants.h; sourceTree = "<group>"; xcLanguageSpecificationIdentifier = xcode.lang.objcpp; };
		198552EA14EF5FB400DB55C5 /* DejalActivityView.h */ = {isa = PBXFileReference; fileEncoding = 4; lastKnownFileType = sourcecode.c.h; path = DejalActivityView.h; sourceTree = "<group>"; };
		198552EB14EF5FB500DB55C5 /* DejalActivityView.m */ = {isa = PBXFileReference; fileEncoding = 4; lastKnownFileType = sourcecode.c.objc; path = DejalActivityView.m; sourceTree = "<group>"; };
		19C3A92414EA35CB0008F441 /* ObservationDetailViewController.h */ = {isa = PBXFileReference; fileEncoding = 4; lastKnownFileType = sourcecode.c.h; path = ObservationDetailViewController.h; sourceTree = "<group>"; };
		19C3A92514EA35CB0008F441 /* ObservationDetailViewController.m */ = {isa = PBXFileReference; fileEncoding = 4; lastKnownFileType = sourcecode.c.objc; path = ObservationDetailViewController.m; sourceTree = "<group>"; };
		CAF65CAF14F5C55B003D63BB /* MapViewController.h */ = {isa = PBXFileReference; fileEncoding = 4; lastKnownFileType = sourcecode.c.h; path = MapViewController.h; sourceTree = "<group>"; };
		CAF65CB014F5C55C003D63BB /* MapViewController.m */ = {isa = PBXFileReference; fileEncoding = 4; lastKnownFileType = sourcecode.c.objc; path = MapViewController.m; sourceTree = "<group>"; };
		CAF65CB214F5CAC9003D63BB /* MapKit.framework */ = {isa = PBXFileReference; lastKnownFileType = wrapper.framework; name = MapKit.framework; path = System/Library/Frameworks/MapKit.framework; sourceTree = SDKROOT; };
		CAF65CB414F5CAD3003D63BB /* CoreLocation.framework */ = {isa = PBXFileReference; lastKnownFileType = wrapper.framework; name = CoreLocation.framework; path = System/Library/Frameworks/CoreLocation.framework; sourceTree = SDKROOT; };
/* End PBXFileReference section */

/* Begin PBXFrameworksBuildPhase section */
		1927513014E9CCC9000ABAC4 /* Frameworks */ = {
			isa = PBXFrameworksBuildPhase;
			buildActionMask = 2147483647;
			files = (
				CAF65CB514F5CAD3003D63BB /* CoreLocation.framework in Frameworks */,
				CAF65CB314F5CAC9003D63BB /* MapKit.framework in Frameworks */,
				198551FF14EC93C600DB55C5 /* libRestKit.a in Frameworks */,
				198551FE14EC93B900DB55C5 /* libxml2.dylib in Frameworks */,
				198551FC14EC93AB00DB55C5 /* SystemConfiguration.framework in Frameworks */,
				198551FA14EC93A200DB55C5 /* MobileCoreServices.framework in Frameworks */,
				198551F814EC939900DB55C5 /* Security.framework in Frameworks */,
				198551F614EC939100DB55C5 /* CoreData.framework in Frameworks */,
				198551F414EC938700DB55C5 /* CFNetwork.framework in Frameworks */,
				1927513C14E9CCC9000ABAC4 /* CoreGraphics.framework in Frameworks */,
				1959CDB314EA30280036F363 /* QuartzCore.framework in Frameworks */,
				1927513814E9CCC9000ABAC4 /* UIKit.framework in Frameworks */,
				1927513A14E9CCC9000ABAC4 /* Foundation.framework in Frameworks */,
			);
			runOnlyForDeploymentPostprocessing = 0;
		};
/* End PBXFrameworksBuildPhase section */

/* Begin PBXGroup section */
		1927512814E9CCC8000ABAC4 = {
			isa = PBXGroup;
			children = (
				CAF65CB414F5CAD3003D63BB /* CoreLocation.framework */,
				CAF65CB214F5CAC9003D63BB /* MapKit.framework */,
				1927513D14E9CCC9000ABAC4 /* INaturalistIOS */,
				198551E114EC931900DB55C5 /* RestKit.xcodeproj */,
				1927513614E9CCC9000ABAC4 /* Frameworks */,
				1927513414E9CCC9000ABAC4 /* Products */,
			);
			sourceTree = "<group>";
		};
		1927513414E9CCC9000ABAC4 /* Products */ = {
			isa = PBXGroup;
			children = (
				1927513314E9CCC9000ABAC4 /* INaturalistIOS.app */,
			);
			name = Products;
			sourceTree = "<group>";
		};
		1927513614E9CCC9000ABAC4 /* Frameworks */ = {
			isa = PBXGroup;
			children = (
				198551FD14EC93B900DB55C5 /* libxml2.dylib */,
				198551F314EC938700DB55C5 /* CFNetwork.framework */,
				198551F514EC939100DB55C5 /* CoreData.framework */,
				198551F714EC939900DB55C5 /* Security.framework */,
				198551F914EC93A200DB55C5 /* MobileCoreServices.framework */,
				198551FB14EC93AB00DB55C5 /* SystemConfiguration.framework */,
				1959CDB214EA30280036F363 /* QuartzCore.framework */,
				1927513714E9CCC9000ABAC4 /* UIKit.framework */,
				1927513914E9CCC9000ABAC4 /* Foundation.framework */,
				1927513B14E9CCC9000ABAC4 /* CoreGraphics.framework */,
			);
			name = Frameworks;
			sourceTree = "<group>";
		};
		1927513D14E9CCC9000ABAC4 /* INaturalistIOS */ = {
			isa = PBXGroup;
			children = (
				198552EA14EF5FB400DB55C5 /* DejalActivityView.h */,
				198552EB14EF5FB500DB55C5 /* DejalActivityView.m */,
				1927514614E9CCC9000ABAC4 /* INaturalistIOSAppDelegate.h */,
				1927514714E9CCC9000ABAC4 /* INaturalistIOSAppDelegate.m */,
				1927514914E9CCC9000ABAC4 /* MainStoryboard.storyboard */,
				CAF65CAF14F5C55B003D63BB /* MapViewController.h */,
				CAF65CB014F5C55C003D63BB /* MapViewController.m */,
				198552E614EF208600DB55C5 /* LoginViewController.h */,
				198552E714EF208600DB55C5 /* LoginViewController.m */,
				19C3A92414EA35CB0008F441 /* ObservationDetailViewController.h */,
				19C3A92514EA35CB0008F441 /* ObservationDetailViewController.m */,
				1927514C14E9CCC9000ABAC4 /* ObservationsViewController.h */,
				1927514D14E9CCC9000ABAC4 /* ObservationsViewController.m */,
				1985521614EC97C200DB55C5 /* INaturalist.xcdatamodeld */,
				1985521C14ECA3CD00DB55C5 /* Observation.h */,
				1985521D14ECA3CD00DB55C5 /* Observation.m */,
				1927513E14E9CCC9000ABAC4 /* Supporting Files */,
			);
			path = INaturalistIOS;
			sourceTree = "<group>";
		};
		1927513E14E9CCC9000ABAC4 /* Supporting Files */ = {
			isa = PBXGroup;
			children = (
				1927513F14E9CCC9000ABAC4 /* INaturalistIOS-Info.plist */,
				1927514014E9CCC9000ABAC4 /* InfoPlist.strings */,
				1927514314E9CCC9000ABAC4 /* main.m */,
				1927514514E9CCC9000ABAC4 /* INaturalistIOS-Prefix.pch */,
				198552E914EF369E00DB55C5 /* constants.h */,
			);
			name = "Supporting Files";
			sourceTree = "<group>";
		};
		198551E214EC931900DB55C5 /* Products */ = {
			isa = PBXGroup;
			children = (
				198551E914EC931900DB55C5 /* libRestKit.a */,
				198551EB14EC931900DB55C5 /* RestKitTests.octest */,
				198551ED14EC931900DB55C5 /* RestKit.framework */,
				198551EF14EC931900DB55C5 /* RestKitFrameworkTests.octest */,
			);
			name = Products;
			sourceTree = "<group>";
		};
/* End PBXGroup section */

/* Begin PBXNativeTarget section */
		1927513214E9CCC9000ABAC4 /* INaturalistIOS */ = {
			isa = PBXNativeTarget;
			buildConfigurationList = 1927515114E9CCC9000ABAC4 /* Build configuration list for PBXNativeTarget "INaturalistIOS" */;
			buildPhases = (
				1927512F14E9CCC9000ABAC4 /* Sources */,
				1927513014E9CCC9000ABAC4 /* Frameworks */,
				1927513114E9CCC9000ABAC4 /* Resources */,
			);
			buildRules = (
			);
			dependencies = (
				198551F214EC937900DB55C5 /* PBXTargetDependency */,
			);
			name = INaturalistIOS;
			productName = INaturalistIOS;
			productReference = 1927513314E9CCC9000ABAC4 /* INaturalistIOS.app */;
			productType = "com.apple.product-type.application";
		};
/* End PBXNativeTarget section */

/* Begin PBXProject section */
		1927512A14E9CCC8000ABAC4 /* Project object */ = {
			isa = PBXProject;
			attributes = {
				LastUpgradeCheck = 0420;
				ORGANIZATIONNAME = iNaturalist;
			};
			buildConfigurationList = 1927512D14E9CCC8000ABAC4 /* Build configuration list for PBXProject "INaturalistIOS" */;
			compatibilityVersion = "Xcode 3.2";
			developmentRegion = English;
			hasScannedForEncodings = 0;
			knownRegions = (
				en,
			);
			mainGroup = 1927512814E9CCC8000ABAC4;
			productRefGroup = 1927513414E9CCC9000ABAC4 /* Products */;
			projectDirPath = "";
			projectReferences = (
				{
					ProductGroup = 198551E214EC931900DB55C5 /* Products */;
					ProjectRef = 198551E114EC931900DB55C5 /* RestKit.xcodeproj */;
				},
			);
			projectRoot = "";
			targets = (
				1927513214E9CCC9000ABAC4 /* INaturalistIOS */,
			);
		};
/* End PBXProject section */

/* Begin PBXReferenceProxy section */
		198551E914EC931900DB55C5 /* libRestKit.a */ = {
			isa = PBXReferenceProxy;
			fileType = archive.ar;
			path = libRestKit.a;
			remoteRef = 198551E814EC931900DB55C5 /* PBXContainerItemProxy */;
			sourceTree = BUILT_PRODUCTS_DIR;
		};
		198551EB14EC931900DB55C5 /* RestKitTests.octest */ = {
			isa = PBXReferenceProxy;
			fileType = wrapper.cfbundle;
			path = RestKitTests.octest;
			remoteRef = 198551EA14EC931900DB55C5 /* PBXContainerItemProxy */;
			sourceTree = BUILT_PRODUCTS_DIR;
		};
		198551ED14EC931900DB55C5 /* RestKit.framework */ = {
			isa = PBXReferenceProxy;
			fileType = wrapper.framework;
			path = RestKit.framework;
			remoteRef = 198551EC14EC931900DB55C5 /* PBXContainerItemProxy */;
			sourceTree = BUILT_PRODUCTS_DIR;
		};
		198551EF14EC931900DB55C5 /* RestKitFrameworkTests.octest */ = {
			isa = PBXReferenceProxy;
			fileType = wrapper.cfbundle;
			path = RestKitFrameworkTests.octest;
			remoteRef = 198551EE14EC931900DB55C5 /* PBXContainerItemProxy */;
			sourceTree = BUILT_PRODUCTS_DIR;
		};
/* End PBXReferenceProxy section */

/* Begin PBXResourcesBuildPhase section */
		1927513114E9CCC9000ABAC4 /* Resources */ = {
			isa = PBXResourcesBuildPhase;
			buildActionMask = 2147483647;
			files = (
				1927514214E9CCC9000ABAC4 /* InfoPlist.strings in Resources */,
				1927514B14E9CCC9000ABAC4 /* MainStoryboard.storyboard in Resources */,
			);
			runOnlyForDeploymentPostprocessing = 0;
		};
/* End PBXResourcesBuildPhase section */

/* Begin PBXSourcesBuildPhase section */
		1927512F14E9CCC9000ABAC4 /* Sources */ = {
			isa = PBXSourcesBuildPhase;
			buildActionMask = 2147483647;
			files = (
				1927514414E9CCC9000ABAC4 /* main.m in Sources */,
				1927514814E9CCC9000ABAC4 /* INaturalistIOSAppDelegate.m in Sources */,
				1927514E14E9CCC9000ABAC4 /* ObservationsViewController.m in Sources */,
				19C3A92714EA35CB0008F441 /* ObservationDetailViewController.m in Sources */,
				1985521814EC97C200DB55C5 /* INaturalist.xcdatamodeld in Sources */,
				1985521E14ECA3CD00DB55C5 /* Observation.m in Sources */,
				198552E814EF208700DB55C5 /* LoginViewController.m in Sources */,
				198552EC14EF5FB500DB55C5 /* DejalActivityView.m in Sources */,
				CAF65CB114F5C55C003D63BB /* MapViewController.m in Sources */,
			);
			runOnlyForDeploymentPostprocessing = 0;
		};
/* End PBXSourcesBuildPhase section */

/* Begin PBXTargetDependency section */
		198551F214EC937900DB55C5 /* PBXTargetDependency */ = {
			isa = PBXTargetDependency;
			name = RestKit;
			targetProxy = 198551F114EC937900DB55C5 /* PBXContainerItemProxy */;
		};
/* End PBXTargetDependency section */

/* Begin PBXVariantGroup section */
		1927514014E9CCC9000ABAC4 /* InfoPlist.strings */ = {
			isa = PBXVariantGroup;
			children = (
				1927514114E9CCC9000ABAC4 /* en */,
			);
			name = InfoPlist.strings;
			sourceTree = "<group>";
		};
		1927514914E9CCC9000ABAC4 /* MainStoryboard.storyboard */ = {
			isa = PBXVariantGroup;
			children = (
				1927514A14E9CCC9000ABAC4 /* en */,
			);
			name = MainStoryboard.storyboard;
			sourceTree = "<group>";
		};
/* End PBXVariantGroup section */

/* Begin XCBuildConfiguration section */
		1927514F14E9CCC9000ABAC4 /* Debug */ = {
			isa = XCBuildConfiguration;
			buildSettings = {
				ALWAYS_SEARCH_USER_PATHS = NO;
				ARCHS = "$(ARCHS_STANDARD_32_BIT)";
				CLANG_ENABLE_OBJC_ARC = YES;
				"CODE_SIGN_IDENTITY[sdk=iphoneos*]" = "iPhone Developer";
				COPY_PHASE_STRIP = NO;
				GCC_C_LANGUAGE_STANDARD = gnu99;
				GCC_DYNAMIC_NO_PIC = NO;
				GCC_OPTIMIZATION_LEVEL = 0;
				GCC_PREPROCESSOR_DEFINITIONS = (
					"DEBUG=1",
					"$(inherited)",
				);
				GCC_SYMBOLS_PRIVATE_EXTERN = NO;
				GCC_VERSION = com.apple.compilers.llvm.clang.1_0;
				GCC_WARN_ABOUT_MISSING_PROTOTYPES = YES;
				GCC_WARN_ABOUT_RETURN_TYPE = YES;
				GCC_WARN_UNUSED_VARIABLE = YES;
				IPHONEOS_DEPLOYMENT_TARGET = 5.0;
				SDKROOT = iphoneos;
			};
			name = Debug;
		};
		1927515014E9CCC9000ABAC4 /* Release */ = {
			isa = XCBuildConfiguration;
			buildSettings = {
				ALWAYS_SEARCH_USER_PATHS = NO;
				ARCHS = "$(ARCHS_STANDARD_32_BIT)";
				CLANG_ENABLE_OBJC_ARC = YES;
				"CODE_SIGN_IDENTITY[sdk=iphoneos*]" = "iPhone Developer";
				COPY_PHASE_STRIP = YES;
				GCC_C_LANGUAGE_STANDARD = gnu99;
				GCC_VERSION = com.apple.compilers.llvm.clang.1_0;
				GCC_WARN_ABOUT_MISSING_PROTOTYPES = YES;
				GCC_WARN_ABOUT_RETURN_TYPE = YES;
				GCC_WARN_UNUSED_VARIABLE = YES;
				IPHONEOS_DEPLOYMENT_TARGET = 5.0;
				OTHER_CFLAGS = "-DNS_BLOCK_ASSERTIONS=1";
				SDKROOT = iphoneos;
				VALIDATE_PRODUCT = YES;
			};
			name = Release;
		};
		1927515214E9CCC9000ABAC4 /* Debug */ = {
			isa = XCBuildConfiguration;
			buildSettings = {
				GCC_PRECOMPILE_PREFIX_HEADER = YES;
				GCC_PREFIX_HEADER = "INaturalistIOS/INaturalistIOS-Prefix.pch";
				HEADER_SEARCH_PATHS = "\"$(SOURCE_ROOT)/Vendor/RestKit/Build\"";
				INFOPLIST_FILE = "INaturalistIOS/INaturalistIOS-Info.plist";
				OTHER_LDFLAGS = (
					"-all_load",
					"-ObjC",
				);
				PRODUCT_NAME = INaturalistIOS;
				WRAPPER_EXTENSION = app;
			};
			name = Debug;
		};
		1927515314E9CCC9000ABAC4 /* Release */ = {
			isa = XCBuildConfiguration;
			buildSettings = {
				GCC_PRECOMPILE_PREFIX_HEADER = YES;
				GCC_PREFIX_HEADER = "INaturalistIOS/INaturalistIOS-Prefix.pch";
				HEADER_SEARCH_PATHS = "\"$(SOURCE_ROOT)/Vendor/RestKit/Build\"";
				INFOPLIST_FILE = "INaturalistIOS/INaturalistIOS-Info.plist";
				OTHER_LDFLAGS = (
					"-all_load",
					"-ObjC",
				);
				PRODUCT_NAME = INaturalistIOS;
				WRAPPER_EXTENSION = app;
			};
			name = Release;
		};
/* End XCBuildConfiguration section */

/* Begin XCConfigurationList section */
		1927512D14E9CCC8000ABAC4 /* Build configuration list for PBXProject "INaturalistIOS" */ = {
			isa = XCConfigurationList;
			buildConfigurations = (
				1927514F14E9CCC9000ABAC4 /* Debug */,
				1927515014E9CCC9000ABAC4 /* Release */,
			);
			defaultConfigurationIsVisible = 0;
			defaultConfigurationName = Release;
		};
		1927515114E9CCC9000ABAC4 /* Build configuration list for PBXNativeTarget "INaturalistIOS" */ = {
			isa = XCConfigurationList;
			buildConfigurations = (
				1927515214E9CCC9000ABAC4 /* Debug */,
				1927515314E9CCC9000ABAC4 /* Release */,
			);
			defaultConfigurationIsVisible = 0;
			defaultConfigurationName = Release;
		};
/* End XCConfigurationList section */

/* Begin XCVersionGroup section */
		1985521614EC97C200DB55C5 /* INaturalist.xcdatamodeld */ = {
			isa = XCVersionGroup;
			children = (
				1985521714EC97C200DB55C5 /* INaturalist.xcdatamodel */,
			);
			currentVersion = 1985521714EC97C200DB55C5 /* INaturalist.xcdatamodel */;
			path = INaturalist.xcdatamodeld;
			sourceTree = "<group>";
			versionGroupType = wrapper.xcdatamodel;
		};
/* End XCVersionGroup section */
	};
	rootObject = 1927512A14E9CCC8000ABAC4 /* Project object */;
}
