PODS:
  - AFNetworking (1.3.4)
  - AFOAuth2Client (0.1.2):
    - AFNetworking (~> 1.3)
  - BlocksKit (2.2.5):
    - BlocksKit/All
  - BlocksKit/All (2.2.5):
    - BlocksKit/Core
    - BlocksKit/DynamicDelegate
    - BlocksKit/MessageUI
    - BlocksKit/UIKit
  - BlocksKit/Core (2.2.5)
  - BlocksKit/DynamicDelegate (2.2.5)
  - BlocksKit/MessageUI (2.2.5):
    - BlocksKit/Core
    - BlocksKit/DynamicDelegate
  - BlocksKit/UIKit (2.2.5):
    - BlocksKit/Core
    - BlocksKit/DynamicDelegate
  - Bolts (1.1.3)
  - CrashlyticsFramework (2.2.4)
  - Facebook-iOS-SDK (3.19.0):
    - Bolts (~> 1.0)
  - FlurrySDK (5.4.0):
    - FlurrySDK/FlurrySDK
  - FlurrySDK/FlurrySDK (5.4.0)
  - FontAwesomeKit (2.1.8):
    - FontAwesomeKit/Core
    - FontAwesomeKit/FontAwesome
    - FontAwesomeKit/FoundationIcons
    - FontAwesomeKit/IonIcons
    - FontAwesomeKit/Zocial
  - FontAwesomeKit/Core (2.1.8)
  - FontAwesomeKit/FontAwesome (2.1.8):
    - FontAwesomeKit/Core
  - FontAwesomeKit/FoundationIcons (2.1.8):
    - FontAwesomeKit/Core
  - FontAwesomeKit/IonIcons (2.1.8):
    - FontAwesomeKit/Core
  - FontAwesomeKit/Zocial (2.1.8):
    - FontAwesomeKit/Core
  - GeoJSONSerialization (0.0.4)
  - HexColors (2.2.1)
  - MHVideoPhotoGallery (1.6.6):
    - SDWebImage
  - SDWebImage (3.7.1):
    - SDWebImage/Core
  - SDWebImage/Core (3.7.1)
  - SlackTextViewController (1.2.7):
    - SlackTextViewController/Additions
    - SlackTextViewController/Additions
  - SlackTextViewController/Additions (1.2.7):
    - SlackTextViewController/Additions
  - SVProgressHUD (1.0)
  - UIColor-HTMLColors (1.0.0)

DEPENDENCIES:
  - AFNetworking (= 1.3.4)
  - AFOAuth2Client (= 0.1.2)
  - BlocksKit (= 2.2.5)
  - Bolts (= 1.1.3)
  - CrashlyticsFramework (= 2.2.4)
  - Facebook-iOS-SDK (= 3.19.0)
  - FlurrySDK (= 5.4.0)
  - FontAwesomeKit (= 2.1.8)
  - GeoJSONSerialization (= 0.0.4)
  - HexColors (= 2.2.1)
  - MHVideoPhotoGallery (= 1.6.6)
  - SlackTextViewController (= 1.2.7)
  - SVProgressHUD (= 1.0)
  - UIColor-HTMLColors (= 1.0.0)

SPEC CHECKSUMS:
  AFNetworking: 80c4e0652b08eb34e25b9c0ff3c82556fe5967b4
  AFOAuth2Client: 4f05d29e0a26c7ddf529dd7c4480af6ee1e982c6
  BlocksKit: 4439e7f30a9f90743462ca63545a15c1f4304cef
  Bolts: 3db0a875235e0c9042b013af13af0f00f79b102c
  CrashlyticsFramework: 0c28a2c07a51b7691e6668b83824b0b0be77f307
  Facebook-iOS-SDK: cb7d74759d0b1ba546e6e6f1dde407b0d4e448d6
  FlurrySDK: bed9e5598353f867508d164795a451e3ada92cb6
  FontAwesomeKit: a2edea3111dab107b4cc43b85881b404eb063385
  GeoJSONSerialization: 87d7a81f770d111506e690980ef192fba3966d01
  HexColors: 01384d2bbe8dc4ffa43c3b4135db6e976952d153
  MHVideoPhotoGallery: 54062f3b997d1353a43722c56b44022309877fef
  SDWebImage: 116e88633b5b416ea0ca4b334a4ac59cf72dd38d
  SlackTextViewController: a42c0e698747f0fd3b59b90db011046cf96a77f2
  SVProgressHUD: 5034c6e22b8c2ca3e09402e48d41ed0340aa1c50
  UIColor-HTMLColors: fbf3e9648f1e699aa4cdb39d0cf348b7ef814be5

COCOAPODS: 0.34.1
