PODS:
  - ActionSheetPicker-3.0 (1.3.12)
  - AFNetworking (3.2.0):
    - AFNetworking/NSURLSession (= 3.2.0)
    - AFNetworking/Reachability (= 3.2.0)
    - AFNetworking/Security (= 3.2.0)
    - AFNetworking/Serialization (= 3.2.0)
    - AFNetworking/UIKit (= 3.2.0)
  - AFNetworking/NSURLSession (3.2.0):
    - AFNetworking/Reachability
    - AFNetworking/Security
    - AFNetworking/Serialization
  - AFNetworking/Reachability (3.2.0)
  - AFNetworking/Security (3.2.0)
  - AFNetworking/Serialization (3.2.0)
  - AFNetworking/UIKit (3.2.0):
    - AFNetworking/NSURLSession
  - AppAuth (1.6.0):
    - AppAuth/Core (= 1.6.0)
    - AppAuth/ExternalUserAgent (= 1.6.0)
  - AppAuth/Core (1.6.0)
  - AppAuth/ExternalUserAgent (1.6.0):
    - AppAuth/Core
  - ARSafariActivity (1.0.4)
  - Base64 (1.1.2)
  - BlocksKit (2.2.5):
    - BlocksKit/All (= 2.2.5)
  - BlocksKit/All (2.2.5):
    - BlocksKit/Core
    - BlocksKit/DynamicDelegate
    - BlocksKit/MessageUI
    - BlocksKit/UIKit
  - BlocksKit/Core (2.2.5)
  - BlocksKit/DynamicDelegate (2.2.5)
  - BlocksKit/MessageUI (2.2.5):
    - BlocksKit/Core
    - BlocksKit/DynamicDelegate
  - BlocksKit/UIKit (2.2.5):
    - BlocksKit/Core
    - BlocksKit/DynamicDelegate
  - CustomIOSAlertView (0.9.3)
  - DCRoundSwitch (0.0.1)
  - Down (0.6.2)
  - Firebase/Analytics (9.6.0):
    - Firebase/Core
  - Firebase/Core (9.6.0):
    - Firebase/CoreOnly
    - FirebaseAnalytics (~> 9.6.0)
  - Firebase/CoreOnly (9.6.0):
    - FirebaseCore (= 9.6.0)
  - Firebase/Crashlytics (9.6.0):
    - Firebase/CoreOnly
    - FirebaseCrashlytics (~> 9.6.0)
  - FirebaseAnalytics (9.6.0):
    - FirebaseAnalytics/AdIdSupport (= 9.6.0)
    - FirebaseCore (~> 9.0)
    - FirebaseInstallations (~> 9.0)
    - GoogleUtilities/AppDelegateSwizzler (~> 7.7)
    - GoogleUtilities/MethodSwizzler (~> 7.7)
    - GoogleUtilities/Network (~> 7.7)
    - "GoogleUtilities/NSData+zlib (~> 7.7)"
    - nanopb (< 2.30910.0, >= 2.30908.0)
  - FirebaseAnalytics/AdIdSupport (9.6.0):
    - FirebaseCore (~> 9.0)
    - FirebaseInstallations (~> 9.0)
    - GoogleAppMeasurement (= 9.6.0)
    - GoogleUtilities/AppDelegateSwizzler (~> 7.7)
    - GoogleUtilities/MethodSwizzler (~> 7.7)
    - GoogleUtilities/Network (~> 7.7)
    - "GoogleUtilities/NSData+zlib (~> 7.7)"
    - nanopb (< 2.30910.0, >= 2.30908.0)
  - FirebaseCore (9.6.0):
    - FirebaseCoreDiagnostics (~> 9.0)
    - FirebaseCoreInternal (~> 9.0)
    - GoogleUtilities/Environment (~> 7.7)
    - GoogleUtilities/Logger (~> 7.7)
  - FirebaseCoreDiagnostics (9.6.0):
    - GoogleDataTransport (< 10.0.0, >= 9.1.4)
    - GoogleUtilities/Environment (~> 7.7)
    - GoogleUtilities/Logger (~> 7.7)
    - nanopb (< 2.30910.0, >= 2.30908.0)
  - FirebaseCoreInternal (9.6.0):
    - "GoogleUtilities/NSData+zlib (~> 7.7)"
  - FirebaseCrashlytics (9.6.0):
    - FirebaseCore (~> 9.0)
    - FirebaseInstallations (~> 9.0)
    - GoogleDataTransport (< 10.0.0, >= 9.1.4)
    - GoogleUtilities/Environment (~> 7.7)
    - nanopb (< 2.30910.0, >= 2.30908.0)
    - PromisesObjC (~> 2.1)
  - FirebaseInstallations (9.6.0):
    - FirebaseCore (~> 9.0)
    - GoogleUtilities/Environment (~> 7.7)
    - GoogleUtilities/UserDefaults (~> 7.7)
    - PromisesObjC (~> 2.1)
  - FontAwesomeKit (2.2.1):
    - FontAwesomeKit/Core (= 2.2.1)
    - FontAwesomeKit/FontAwesome (= 2.2.1)
    - FontAwesomeKit/FoundationIcons (= 2.2.1)
    - FontAwesomeKit/IonIcons (= 2.2.1)
    - FontAwesomeKit/Material (= 2.2.1)
    - FontAwesomeKit/Octicons (= 2.2.1)
    - FontAwesomeKit/Zocial (= 2.2.1)
  - FontAwesomeKit/Core (2.2.1)
  - FontAwesomeKit/FontAwesome (2.2.1):
    - FontAwesomeKit/Core
  - FontAwesomeKit/FoundationIcons (2.2.1):
    - FontAwesomeKit/Core
  - FontAwesomeKit/IonIcons (2.2.1):
    - FontAwesomeKit/Core
  - FontAwesomeKit/Material (2.2.1):
    - FontAwesomeKit/Core
  - FontAwesomeKit/Octicons (2.2.1):
    - FontAwesomeKit/Core
  - FontAwesomeKit/Zocial (2.2.1):
    - FontAwesomeKit/Core
  - Gallery (2.4.0)
  - GeoJSONSerialization (0.0.4)
  - GoogleAppMeasurement (9.6.0):
    - GoogleAppMeasurement/AdIdSupport (= 9.6.0)
    - GoogleUtilities/AppDelegateSwizzler (~> 7.7)
    - GoogleUtilities/MethodSwizzler (~> 7.7)
    - GoogleUtilities/Network (~> 7.7)
    - "GoogleUtilities/NSData+zlib (~> 7.7)"
    - nanopb (< 2.30910.0, >= 2.30908.0)
  - GoogleAppMeasurement/AdIdSupport (9.6.0):
    - GoogleAppMeasurement/WithoutAdIdSupport (= 9.6.0)
    - GoogleUtilities/AppDelegateSwizzler (~> 7.7)
    - GoogleUtilities/MethodSwizzler (~> 7.7)
    - GoogleUtilities/Network (~> 7.7)
    - "GoogleUtilities/NSData+zlib (~> 7.7)"
    - nanopb (< 2.30910.0, >= 2.30908.0)
  - GoogleAppMeasurement/WithoutAdIdSupport (9.6.0):
    - GoogleUtilities/AppDelegateSwizzler (~> 7.7)
    - GoogleUtilities/MethodSwizzler (~> 7.7)
    - GoogleUtilities/Network (~> 7.7)
    - "GoogleUtilities/NSData+zlib (~> 7.7)"
    - nanopb (< 2.30910.0, >= 2.30908.0)
  - GoogleDataTransport (9.2.0):
    - GoogleUtilities/Environment (~> 7.7)
    - nanopb (< 2.30910.0, >= 2.30908.0)
    - PromisesObjC (< 3.0, >= 1.2)
  - GoogleSignIn (6.2.4):
    - AppAuth (~> 1.5)
    - GTMAppAuth (~> 1.3)
    - GTMSessionFetcher/Core (< 3.0, >= 1.1)
  - GoogleUtilities/AppDelegateSwizzler (7.8.0):
    - GoogleUtilities/Environment
    - GoogleUtilities/Logger
    - GoogleUtilities/Network
  - GoogleUtilities/Environment (7.8.0):
    - PromisesObjC (< 3.0, >= 1.2)
  - GoogleUtilities/Logger (7.8.0):
    - GoogleUtilities/Environment
  - GoogleUtilities/MethodSwizzler (7.8.0):
    - GoogleUtilities/Logger
  - GoogleUtilities/Network (7.8.0):
    - GoogleUtilities/Logger
    - "GoogleUtilities/NSData+zlib"
    - GoogleUtilities/Reachability
  - "GoogleUtilities/NSData+zlib (7.8.0)"
  - GoogleUtilities/Reachability (7.8.0):
    - GoogleUtilities/Logger
  - GoogleUtilities/UserDefaults (7.8.0):
    - GoogleUtilities/Logger
  - GTMAppAuth (1.3.1):
    - AppAuth/Core (~> 1.6)
    - GTMSessionFetcher/Core (< 3.0, >= 1.5)
  - GTMSessionFetcher/Core (2.1.0)
  - HexColors (2.3.0)
  - ICViewPager (1.5.1)
  - JDFTooltips (1.0)
  - JDStatusBarNotification (1.5.2)
  - JWT (2.2.0):
    - Base64 (~> 1.1.2)
  - M13ProgressSuite (1.2.9)
  - Mantle (1.5.8):
    - Mantle/extobjc (= 1.5.8)
  - Mantle/extobjc (1.5.8)
  - Masonry (1.1.0)
  - MBProgressHUD (0.9.1)
  - MHVideoPhotoGallery (2.1.3):
    - Masonry
    - SDWebImage
    - TTTAttributedLabel (= 1.13.3)
  - nanopb (2.30909.0):
    - nanopb/decode (= 2.30909.0)
    - nanopb/encode (= 2.30909.0)
  - nanopb/decode (2.30909.0)
  - nanopb/encode (2.30909.0)
  - NSString_stripHtml (0.1.0)
  - NXOAuth2Client (1.2.8)
  - OCMock (3.9.1)
  - PBRevealViewController (1.3.5):
    - PBRevealViewController/ObjC (= 1.3.5)
  - PBRevealViewController/ObjC (1.3.5)
  - PDKTStickySectionHeadersCollectionViewLayout (0.1)
  - PromisesObjC (2.1.1)
  - RaptureXML (1.0.1)
  - Realm (10.30.0):
    - Realm/Headers (= 10.30.0)
  - Realm/Headers (10.30.0)
  - SDWebImage (4.0.0):
    - SDWebImage/Core (= 4.0.0)
  - SDWebImage/Core (4.0.0)
  - SimpleKeychain (0.12.5)
  - SSZipArchive (0.3.2)
  - SVPullToRefresh (0.4.1)
  - TTTAttributedLabel (1.13.3)
  - UIColor-HTMLColors (1.0.0)
  - VTAcknowledgementsViewController (0.15)
  - YLProgressBar (3.9.0)

DEPENDENCIES:
  - ActionSheetPicker-3.0 (= 1.3.12)
  - AFNetworking (= 3.2.0)
  - ARSafariActivity
  - BlocksKit (= 2.2.5)
  - CustomIOSAlertView (= 0.9.3)
  - DCRoundSwitch (= 0.0.1)
  - Down (from `https://github.com/ocshing/Down-gfm`)
  - Firebase/Analytics
  - Firebase/Crashlytics
  - FontAwesomeKit (from `https://github.com/alexshepard/FontAwesomeKit`, branch `main`)
  - Gallery
  - GeoJSONSerialization (= 0.0.4)
  - GoogleSignIn (= 6.2.4)
  - HexColors (= 2.3.0)
  - ICViewPager (from `https://github.com/alexshepard/ICViewPager.git`, commit `4c45423b6a36fb38753af86a1050b6a3a1d548b8`)
  - JDFTooltips (= 1.0)
  - JDStatusBarNotification (= 1.5.2)
  - JWT (= 2.2.0)
  - M13ProgressSuite (from `https://github.com/rogerioth/M13ProgressSuite.git`)
  - Mantle (= 1.5.8)
  - MBProgressHUD (= 0.9.1)
  - MHVideoPhotoGallery (from `https://github.com/alexshepard/MHVideoPhotoGallery`, commit `0a343f12b60c8719a280db73b1e2b6d25fef164a`)
  - NSString_stripHtml (= 0.1.0)
  - NXOAuth2Client (from `https://github.com/inaturalist/OAuth2Client`, branch `iNat`)
  - OCMock
  - PBRevealViewController
  - PDKTStickySectionHeadersCollectionViewLayout (= 0.1)
  - RaptureXML (= 1.0.1)
  - Realm (~> 10)
  - SDWebImage (= 4.0.0)
  - SimpleKeychain (= 0.12.5)
  - SSZipArchive (= 0.3.2)
  - SVPullToRefresh (= 0.4.1)
  - UIColor-HTMLColors (= 1.0.0)
  - VTAcknowledgementsViewController (= 0.15)
  - YLProgressBar (= 3.9.0)

SPEC REPOS:
  https://github.com/CocoaPods/Specs.git:
    - ActionSheetPicker-3.0
    - AFNetworking
    - AppAuth
    - ARSafariActivity
    - Base64
    - BlocksKit
    - CustomIOSAlertView
    - DCRoundSwitch
    - Firebase
    - FirebaseAnalytics
    - FirebaseCore
    - FirebaseCoreDiagnostics
    - FirebaseCoreInternal
    - FirebaseCrashlytics
    - FirebaseInstallations
    - Gallery
    - GeoJSONSerialization
    - GoogleAppMeasurement
    - GoogleDataTransport
    - GoogleSignIn
    - GoogleUtilities
    - GTMAppAuth
    - GTMSessionFetcher
    - HexColors
    - JDFTooltips
    - JDStatusBarNotification
    - JWT
    - Mantle
    - Masonry
    - MBProgressHUD
    - nanopb
    - NSString_stripHtml
    - OCMock
    - PBRevealViewController
    - PDKTStickySectionHeadersCollectionViewLayout
    - PromisesObjC
    - RaptureXML
    - Realm
    - SDWebImage
    - SimpleKeychain
    - SSZipArchive
    - SVPullToRefresh
    - TTTAttributedLabel
    - UIColor-HTMLColors
    - VTAcknowledgementsViewController
    - YLProgressBar

EXTERNAL SOURCES:
  Down:
    :git: https://github.com/ocshing/Down-gfm
  FontAwesomeKit:
    :branch: main
    :git: https://github.com/alexshepard/FontAwesomeKit
  ICViewPager:
    :commit: 4c45423b6a36fb38753af86a1050b6a3a1d548b8
    :git: https://github.com/alexshepard/ICViewPager.git
  M13ProgressSuite:
    :git: https://github.com/rogerioth/M13ProgressSuite.git
  MHVideoPhotoGallery:
    :commit: 0a343f12b60c8719a280db73b1e2b6d25fef164a
    :git: https://github.com/alexshepard/MHVideoPhotoGallery
  NXOAuth2Client:
    :branch: iNat
    :git: https://github.com/inaturalist/OAuth2Client

CHECKOUT OPTIONS:
  Down:
    :commit: b889d6dac0c3e692badbfbd1e77a8059cdda9f05
    :git: https://github.com/ocshing/Down-gfm
  FontAwesomeKit:
    :commit: 4362e1d9e3ca810c4d26fcff3e67a6456f872242
    :git: https://github.com/alexshepard/FontAwesomeKit
  ICViewPager:
    :commit: 4c45423b6a36fb38753af86a1050b6a3a1d548b8
    :git: https://github.com/alexshepard/ICViewPager.git
  M13ProgressSuite:
    :commit: 203e52a4975296884cc813c7321cdc79aaae514b
    :git: https://github.com/rogerioth/M13ProgressSuite.git
  MHVideoPhotoGallery:
    :commit: 0a343f12b60c8719a280db73b1e2b6d25fef164a
    :git: https://github.com/alexshepard/MHVideoPhotoGallery
  NXOAuth2Client:
    :commit: b220d2f9f21fd66bb944222f5d14e853f559ff7b
    :git: https://github.com/inaturalist/OAuth2Client

SPEC CHECKSUMS:
  ActionSheetPicker-3.0: 9fd0713777fad3a3f3b89ea58c75d59ccdef28f4
  AFNetworking: 8ac6017b94ea105479f7776e5288e48ae9c59bb4
  AppAuth: 8fca6b5563a5baef2c04bee27538025e4ceb2add
  ARSafariActivity: eccf8d928f242a6a290437afd27ed7178b7eadcc
  Base64: cecfb41a004124895a7bcee567a89bae5a89d49b
  BlocksKit: 8639b2848dd51c35c957af4d9fbdc7a769a1fc12
  CustomIOSAlertView: 94d2401e34fcfb0ac0134679d6947f5e251b0446
  DCRoundSwitch: 86d348f35be4d6ef18dbc9331c682aab6f85e980
  Down: 19deac4611bfbc1cabdf8f9657870a44d34ac7fa
  Firebase: 5ae8b7cf8efce559a653aef0ad95bab3f427c351
  FirebaseAnalytics: 89ad762c6c3852a685794174757e2c60a36b6a82
  FirebaseCore: 2082fffcd855f95f883c0a1641133eb9bbe76d40
  FirebaseCoreDiagnostics: 99a495094b10a57eeb3ae8efa1665700ad0bdaa6
  FirebaseCoreInternal: bca76517fe1ed381e989f5e7d8abb0da8d85bed3
  FirebaseCrashlytics: 3210572ddb77801e5a0bd9d7bc890769f2066a0c
  FirebaseInstallations: 0a115432c4e223c5ab20b0dbbe4cbefa793a0e8e
  FontAwesomeKit: 3614979b3dbb0ec3f7fac1bd760b91f66c31db67
  Gallery: b7fc1aeb68a39ad6d2c423574750196bf9b25e5c
  GeoJSONSerialization: 55a3d24fe9af26508e3af76873114b39b13ba479
  GoogleAppMeasurement: 6de2b1a69e4326eb82ee05d138f6a5cb7311bcb1
  GoogleDataTransport: 1c8145da7117bd68bbbed00cf304edb6a24de00f
  GoogleSignIn: 5651ce3a61e56ca864160e79b484cd9ed3f49b7a
  GoogleUtilities: 1d20a6ad97ef46f67bbdec158ce00563a671ebb7
  GTMAppAuth: 0ff230db599948a9ad7470ca667337803b3fc4dd
  GTMSessionFetcher: ffbb25ec00ebcb5201adab0a56d808f6f1902d9f
  HexColors: 6ad3947c3447a055a3aa8efa859def096351fe5f
  ICViewPager: 74e83c8bebd572b3baebac5959875d0fb5e70000
  JDFTooltips: 439e3f1010b5e689e8438f66fce8448726e59897
  JDStatusBarNotification: a36d09ccbb047217572b074a61e7ca10dddc5f0a
  JWT: cf73c0ab0dac762df3de8a3f1164352089d97780
  M13ProgressSuite: ea9f7263e73e9215e6849dfa54e29ee0ad6a145c
  Mantle: f03b2b606c3f0cabd80214ad8a2fed6b464a7359
  Masonry: 678fab65091a9290e40e2832a55e7ab731aad201
  MBProgressHUD: c47f2c166c126cf2ce36498d80f33e754d4e93ad
  MHVideoPhotoGallery: aa36cdd9b75c6d5a19b48005cddb9b730c2e27e8
  nanopb: b552cce312b6c8484180ef47159bc0f65a1f0431
  NSString_stripHtml: ba10acfb1c0f7f687055f8e4300a8a78e142f1ea
  NXOAuth2Client: 89ea741e47b810597314ea425560e50d5aa1364b
  OCMock: 9491e4bec59e0b267d52a9184ff5605995e74be8
  PBRevealViewController: dea8c21b8ca00d4aed0f8bfb102882eead6e5c18
  PDKTStickySectionHeadersCollectionViewLayout: bedcfc09fa44ae3e232eab421c31286e3d2856ed
  PromisesObjC: ab77feca74fa2823e7af4249b8326368e61014cb
  RaptureXML: b5c33c04c1a4adfd8ad0d5463329a31820596e82
  Realm: 247ccacf72e656c6ee09b242f7d24d5cf99cc058
  SDWebImage: 76a6348bdc74eb5a55dd08a091ef298e56b55e41
  SimpleKeychain: 8193a9e40967eccac933c1fde82de46c07a5ae26
  SSZipArchive: 11801759495fa4efb7512ef652eb0042d68305d7
  SVPullToRefresh: ba2e718695a43253d8bea6852d2960097dc15d8c
  TTTAttributedLabel: 6f3174aef8e738f44dff97c2eb7d8184f6ab6277
  UIColor-HTMLColors: ce7466daa46e5c8a68a4fb137909b37b30f034f1
  VTAcknowledgementsViewController: 575f5841fb47b7d9c852ccb406104ea68de07b21
  YLProgressBar: 531026483d30a5dc82d91a842d4e069b65f08162

PODFILE CHECKSUM: 04e30183280d8809f857bea9a9cb7733c4ec27f9

COCOAPODS: 1.12.1
