// !$*UTF8*$!
{
	archiveVersion = 1;
	classes = {
	};
	objectVersion = 46;
	objects = {

/* Begin PBXBuildFile section */
		1927513814E9CCC9000ABAC4 /* UIKit.framework in Frameworks */ = {isa = PBXBuildFile; fileRef = 1927513714E9CCC9000ABAC4 /* UIKit.framework */; };
		1927513A14E9CCC9000ABAC4 /* Foundation.framework in Frameworks */ = {isa = PBXBuildFile; fileRef = 1927513914E9CCC9000ABAC4 /* Foundation.framework */; };
		1927513C14E9CCC9000ABAC4 /* CoreGraphics.framework in Frameworks */ = {isa = PBXBuildFile; fileRef = 1927513B14E9CCC9000ABAC4 /* CoreGraphics.framework */; };
		1927514214E9CCC9000ABAC4 /* InfoPlist.strings in Resources */ = {isa = PBXBuildFile; fileRef = 1927514014E9CCC9000ABAC4 /* InfoPlist.strings */; };
		1927514414E9CCC9000ABAC4 /* main.m in Sources */ = {isa = PBXBuildFile; fileRef = 1927514314E9CCC9000ABAC4 /* main.m */; };
		1927514814E9CCC9000ABAC4 /* INatObserverAppDelegate.m in Sources */ = {isa = PBXBuildFile; fileRef = 1927514714E9CCC9000ABAC4 /* INatObserverAppDelegate.m */; };
		1927514B14E9CCC9000ABAC4 /* MainStoryboard.storyboard in Resources */ = {isa = PBXBuildFile; fileRef = 1927514914E9CCC9000ABAC4 /* MainStoryboard.storyboard */; };
		1927514E14E9CCC9000ABAC4 /* INatObserverViewController.m in Sources */ = {isa = PBXBuildFile; fileRef = 1927514D14E9CCC9000ABAC4 /* INatObserverViewController.m */; };
/* End PBXBuildFile section */

/* Begin PBXFileReference section */
		1927513314E9CCC9000ABAC4 /* INatObserver.app */ = {isa = PBXFileReference; explicitFileType = wrapper.application; includeInIndex = 0; path = INatObserver.app; sourceTree = BUILT_PRODUCTS_DIR; };
		1927513714E9CCC9000ABAC4 /* UIKit.framework */ = {isa = PBXFileReference; lastKnownFileType = wrapper.framework; name = UIKit.framework; path = System/Library/Frameworks/UIKit.framework; sourceTree = SDKROOT; };
		1927513914E9CCC9000ABAC4 /* Foundation.framework */ = {isa = PBXFileReference; lastKnownFileType = wrapper.framework; name = Foundation.framework; path = System/Library/Frameworks/Foundation.framework; sourceTree = SDKROOT; };
		1927513B14E9CCC9000ABAC4 /* CoreGraphics.framework */ = {isa = PBXFileReference; lastKnownFileType = wrapper.framework; name = CoreGraphics.framework; path = System/Library/Frameworks/CoreGraphics.framework; sourceTree = SDKROOT; };
		1927513F14E9CCC9000ABAC4 /* INatObserver-Info.plist */ = {isa = PBXFileReference; path = "INatObserver-Info.plist"; sourceTree = "<group>"; };
		1927514114E9CCC9000ABAC4 /* en */ = {isa = PBXFileReference; lastKnownFileType = text.plist.strings; name = en; path = en.lproj/InfoPlist.strings; sourceTree = "<group>"; };
		1927514314E9CCC9000ABAC4 /* main.m */ = {isa = PBXFileReference; lastKnownFileType = sourcecode.c.objc; path = main.m; sourceTree = "<group>"; };
		1927514514E9CCC9000ABAC4 /* INatObserver-Prefix.pch */ = {isa = PBXFileReference; path = "INatObserver-Prefix.pch"; sourceTree = "<group>"; };
		1927514614E9CCC9000ABAC4 /* INatObserverAppDelegate.h */ = {isa = PBXFileReference; path = INatObserverAppDelegate.h; sourceTree = "<group>"; };
		1927514714E9CCC9000ABAC4 /* INatObserverAppDelegate.m */ = {isa = PBXFileReference; lastKnownFileType = sourcecode.c.objc; path = INatObserverAppDelegate.m; sourceTree = "<group>"; };
		1927514A14E9CCC9000ABAC4 /* en */ = {isa = PBXFileReference; lastKnownFileType = file.storyboard; name = en; path = en.lproj/MainStoryboard.storyboard; sourceTree = "<group>"; };
		1927514C14E9CCC9000ABAC4 /* INatObserverViewController.h */ = {isa = PBXFileReference; path = INatObserverViewController.h; sourceTree = "<group>"; };
		1927514D14E9CCC9000ABAC4 /* INatObserverViewController.m */ = {isa = PBXFileReference; lastKnownFileType = sourcecode.c.objc; path = INatObserverViewController.m; sourceTree = "<group>"; };
/* End PBXFileReference section */

/* Begin PBXFrameworksBuildPhase section */
		1927513014E9CCC9000ABAC4 /* Frameworks */ = {
			isa = PBXFrameworksBuildPhase;
			buildActionMask = 2147483647;
			files = (
				1927513814E9CCC9000ABAC4 /* UIKit.framework in Frameworks */,
				1927513A14E9CCC9000ABAC4 /* Foundation.framework in Frameworks */,
				1927513C14E9CCC9000ABAC4 /* CoreGraphics.framework in Frameworks */,
			);
			runOnlyForDeploymentPostprocessing = 0;
		};
/* End PBXFrameworksBuildPhase section */

/* Begin PBXGroup section */
		1927512814E9CCC8000ABAC4 = {
			isa = PBXGroup;
			children = (
				1927513D14E9CCC9000ABAC4 /* INatObserver */,
				1927513614E9CCC9000ABAC4 /* Frameworks */,
				1927513414E9CCC9000ABAC4 /* Products */,
			);
			sourceTree = "<group>";
		};
		1927513414E9CCC9000ABAC4 /* Products */ = {
			isa = PBXGroup;
			children = (
				1927513314E9CCC9000ABAC4 /* INatObserver.app */,
			);
			name = Products;
			sourceTree = "<group>";
		};
		1927513614E9CCC9000ABAC4 /* Frameworks */ = {
			isa = PBXGroup;
			children = (
				1927513714E9CCC9000ABAC4 /* UIKit.framework */,
				1927513914E9CCC9000ABAC4 /* Foundation.framework */,
				1927513B14E9CCC9000ABAC4 /* CoreGraphics.framework */,
			);
			name = Frameworks;
			sourceTree = "<group>";
		};
		1927513D14E9CCC9000ABAC4 /* INatObserver */ = {
			isa = PBXGroup;
			children = (
				1927514614E9CCC9000ABAC4 /* INatObserverAppDelegate.h */,
				1927514714E9CCC9000ABAC4 /* INatObserverAppDelegate.m */,
				1927514914E9CCC9000ABAC4 /* MainStoryboard.storyboard */,
				1927514C14E9CCC9000ABAC4 /* INatObserverViewController.h */,
				1927514D14E9CCC9000ABAC4 /* INatObserverViewController.m */,
				1927513E14E9CCC9000ABAC4 /* Supporting Files */,
			);
			path = INatObserver;
			sourceTree = "<group>";
		};
		1927513E14E9CCC9000ABAC4 /* Supporting Files */ = {
			isa = PBXGroup;
			children = (
				1927513F14E9CCC9000ABAC4 /* INatObserver-Info.plist */,
				1927514014E9CCC9000ABAC4 /* InfoPlist.strings */,
				1927514314E9CCC9000ABAC4 /* main.m */,
				1927514514E9CCC9000ABAC4 /* INatObserver-Prefix.pch */,
			);
			name = "Supporting Files";
			sourceTree = "<group>";
		};
/* End PBXGroup section */

/* Begin PBXNativeTarget section */
		1927513214E9CCC9000ABAC4 /* INatObserver */ = {
			isa = PBXNativeTarget;
			buildConfigurationList = 1927515114E9CCC9000ABAC4 /* Build configuration list for PBXNativeTarget "INatObserver" */;
			buildPhases = (
				1927512F14E9CCC9000ABAC4 /* Sources */,
				1927513014E9CCC9000ABAC4 /* Frameworks */,
				1927513114E9CCC9000ABAC4 /* Resources */,
			);
			buildRules = (
			);
			dependencies = (
			);
			name = INatObserver;
			productName = INatObserver;
			productReference = 1927513314E9CCC9000ABAC4 /* INatObserver.app */;
			productType = "com.apple.product-type.application";
		};
/* End PBXNativeTarget section */

/* Begin PBXProject section */
		1927512A14E9CCC8000ABAC4 /* Project object */ = {
			isa = PBXProject;
			attributes = {
				LastUpgradeCheck = 0420;
			};
			buildConfigurationList = 1927512D14E9CCC8000ABAC4 /* Build configuration list for PBXProject "INatObserver" */;
			compatibilityVersion = "Xcode 3.2";
			developmentRegion = English;
			hasScannedForEncodings = 0;
			knownRegions = (
				en,
			);
			mainGroup = 1927512814E9CCC8000ABAC4;
			productRefGroup = 1927513414E9CCC9000ABAC4 /* Products */;
			projectDirPath = "";
			projectRoot = "";
			targets = (
				1927513214E9CCC9000ABAC4 /* INatObserver */,
			);
		};
/* End PBXProject section */

/* Begin PBXResourcesBuildPhase section */
		1927513114E9CCC9000ABAC4 /* Resources */ = {
			isa = PBXResourcesBuildPhase;
			buildActionMask = 2147483647;
			files = (
				1927514214E9CCC9000ABAC4 /* InfoPlist.strings in Resources */,
				1927514B14E9CCC9000ABAC4 /* MainStoryboard.storyboard in Resources */,
			);
			runOnlyForDeploymentPostprocessing = 0;
		};
/* End PBXResourcesBuildPhase section */

/* Begin PBXSourcesBuildPhase section */
		1927512F14E9CCC9000ABAC4 /* Sources */ = {
			isa = PBXSourcesBuildPhase;
			buildActionMask = 2147483647;
			files = (
				1927514414E9CCC9000ABAC4 /* main.m in Sources */,
				1927514814E9CCC9000ABAC4 /* INatObserverAppDelegate.m in Sources */,
				1927514E14E9CCC9000ABAC4 /* INatObserverViewController.m in Sources */,
			);
			runOnlyForDeploymentPostprocessing = 0;
		};
/* End PBXSourcesBuildPhase section */

/* Begin PBXVariantGroup section */
		1927514014E9CCC9000ABAC4 /* InfoPlist.strings */ = {
			isa = PBXVariantGroup;
			children = (
				1927514114E9CCC9000ABAC4 /* en */,
			);
			name = InfoPlist.strings;
			sourceTree = "<group>";
		};
		1927514914E9CCC9000ABAC4 /* MainStoryboard.storyboard */ = {
			isa = PBXVariantGroup;
			children = (
				1927514A14E9CCC9000ABAC4 /* en */,
			);
			name = MainStoryboard.storyboard;
			sourceTree = "<group>";
		};
/* End PBXVariantGroup section */

/* Begin XCBuildConfiguration section */
		1927514F14E9CCC9000ABAC4 /* Debug */ = {
			isa = XCBuildConfiguration;
			buildSettings = {
				ALWAYS_SEARCH_USER_PATHS = NO;
				ARCHS = "$(ARCHS_STANDARD_32_BIT)";
				CLANG_ENABLE_OBJC_ARC = YES;
				"CODE_SIGN_IDENTITY[sdk=iphoneos*]" = "iPhone Developer";
				COPY_PHASE_STRIP = NO;
				GCC_C_LANGUAGE_STANDARD = gnu99;
				GCC_DYNAMIC_NO_PIC = NO;
				GCC_OPTIMIZATION_LEVEL = 0;
				GCC_PREPROCESSOR_DEFINITIONS = (
					"DEBUG=1",
					"$(inherited)",
				);
				GCC_SYMBOLS_PRIVATE_EXTERN = NO;
				GCC_VERSION = com.apple.compilers.llvm.clang.1_0;
				GCC_WARN_ABOUT_MISSING_PROTOTYPES = YES;
				GCC_WARN_ABOUT_RETURN_TYPE = YES;
				GCC_WARN_UNUSED_VARIABLE = YES;
				IPHONEOS_DEPLOYMENT_TARGET = 5.0;
				SDKROOT = iphoneos;
			};
			name = Debug;
		};
		1927515014E9CCC9000ABAC4 /* Release */ = {
			isa = XCBuildConfiguration;
			buildSettings = {
				ALWAYS_SEARCH_USER_PATHS = NO;
				ARCHS = "$(ARCHS_STANDARD_32_BIT)";
				CLANG_ENABLE_OBJC_ARC = YES;
				"CODE_SIGN_IDENTITY[sdk=iphoneos*]" = "iPhone Developer";
				COPY_PHASE_STRIP = YES;
				GCC_C_LANGUAGE_STANDARD = gnu99;
				GCC_VERSION = com.apple.compilers.llvm.clang.1_0;
				GCC_WARN_ABOUT_MISSING_PROTOTYPES = YES;
				GCC_WARN_ABOUT_RETURN_TYPE = YES;
				GCC_WARN_UNUSED_VARIABLE = YES;
				IPHONEOS_DEPLOYMENT_TARGET = 5.0;
				OTHER_CFLAGS = "-DNS_BLOCK_ASSERTIONS=1";
				SDKROOT = iphoneos;
				VALIDATE_PRODUCT = YES;
			};
			name = Release;
		};
		1927515214E9CCC9000ABAC4 /* Debug */ = {
			isa = XCBuildConfiguration;
			buildSettings = {
				GCC_PRECOMPILE_PREFIX_HEADER = YES;
				GCC_PREFIX_HEADER = "INatObserver/INatObserver-Prefix.pch";
				INFOPLIST_FILE = "INatObserver/INatObserver-Info.plist";
				PRODUCT_NAME = "$(TARGET_NAME)";
				WRAPPER_EXTENSION = app;
			};
			name = Debug;
		};
		1927515314E9CCC9000ABAC4 /* Release */ = {
			isa = XCBuildConfiguration;
			buildSettings = {
				GCC_PRECOMPILE_PREFIX_HEADER = YES;
				GCC_PREFIX_HEADER = "INatObserver/INatObserver-Prefix.pch";
				INFOPLIST_FILE = "INatObserver/INatObserver-Info.plist";
				PRODUCT_NAME = "$(TARGET_NAME)";
				WRAPPER_EXTENSION = app;
			};
			name = Release;
		};
/* End XCBuildConfiguration section */

/* Begin XCConfigurationList section */
		1927512D14E9CCC8000ABAC4 /* Build configuration list for PBXProject "INatObserver" */ = {
			isa = XCConfigurationList;
			buildConfigurations = (
				1927514F14E9CCC9000ABAC4 /* Debug */,
				1927515014E9CCC9000ABAC4 /* Release */,
			);
			defaultConfigurationIsVisible = 0;
			defaultConfigurationName = Release;
		};
		1927515114E9CCC9000ABAC4 /* Build configuration list for PBXNativeTarget "INatObserver" */ = {
			isa = XCConfigurationList;
			buildConfigurations = (
				1927515214E9CCC9000ABAC4 /* Debug */,
				1927515314E9CCC9000ABAC4 /* Release */,
			);
			defaultConfigurationIsVisible = 0;
		};
/* End XCConfigurationList section */
	};
	rootObject = 1927512A14E9CCC8000ABAC4 /* Project object */;
}
